// !$*UTF8*$!
{
	archiveVersion = 1;
	classes = {
	};
	objectVersion = 48;
	objects = {

/* Begin PBXBuildFile section */
		1825C9872108C2820092EEF2 /* VolunteerField.swift in Sources */ = {isa = PBXBuildFile; fileRef = 1825C9862108C2820092EEF2 /* VolunteerField.swift */; };
		1825C98A2108FE380092EEF2 /* String+Validation.swift in Sources */ = {isa = PBXBuildFile; fileRef = 1825C9892108FE380092EEF2 /* String+Validation.swift */; };
		1825C98C210911290092EEF2 /* Data+Extension.swift in Sources */ = {isa = PBXBuildFile; fileRef = 1825C98B210911290092EEF2 /* Data+Extension.swift */; };
		183A1E0C21120CA700D78C2B /* FAQViewController.swift in Sources */ = {isa = PBXBuildFile; fileRef = 183A1E0B21120CA700D78C2B /* FAQViewController.swift */; };
		183A1E0E21122A5B00D78C2B /* FAQ.swift in Sources */ = {isa = PBXBuildFile; fileRef = 183A1E0D21122A5B00D78C2B /* FAQ.swift */; };
		183A1E102112450200D78C2B /* FAQDetailsViewController.swift in Sources */ = {isa = PBXBuildFile; fileRef = 183A1E0F2112450200D78C2B /* FAQDetailsViewController.swift */; };
		18774F7D21060FCD001BD003 /* VolunteerViewController.swift in Sources */ = {isa = PBXBuildFile; fileRef = 18774F7C21060FCD001BD003 /* VolunteerViewController.swift */; };
		188E8086211064D10037AC30 /* VoteWareViewController.swift in Sources */ = {isa = PBXBuildFile; fileRef = 188E8085211064D10037AC30 /* VoteWareViewController.swift */; };
		189456E521030E6C00260434 /* EventDetailsViewController.swift in Sources */ = {isa = PBXBuildFile; fileRef = 189456E421030E6C00260434 /* EventDetailsViewController.swift */; };
		189456E72103346D00260434 /* MapViewController.swift in Sources */ = {isa = PBXBuildFile; fileRef = 189456E62103346C00260434 /* MapViewController.swift */; };
		189DDA912102136900823EC3 /* AppDelegate.swift in Sources */ = {isa = PBXBuildFile; fileRef = 189DDA902102136900823EC3 /* AppDelegate.swift */; };
		189DDA932102136900823EC3 /* ViewController.swift in Sources */ = {isa = PBXBuildFile; fileRef = 189DDA922102136900823EC3 /* ViewController.swift */; };
		189DDA962102136900823EC3 /* Main.storyboard in Resources */ = {isa = PBXBuildFile; fileRef = 189DDA942102136900823EC3 /* Main.storyboard */; };
		189DDA9B2102136A00823EC3 /* Assets.xcassets in Resources */ = {isa = PBXBuildFile; fileRef = 189DDA9A2102136A00823EC3 /* Assets.xcassets */; };
		189DDA9E2102136A00823EC3 /* LaunchScreen.storyboard in Resources */ = {isa = PBXBuildFile; fileRef = 189DDA9C2102136A00823EC3 /* LaunchScreen.storyboard */; };
		189DDAA92102136A00823EC3 /* BootTests.swift in Sources */ = {isa = PBXBuildFile; fileRef = 189DDAA82102136A00823EC3 /* BootTests.swift */; };
		189DDAB42102136A00823EC3 /* BootUITests.swift in Sources */ = {isa = PBXBuildFile; fileRef = 189DDAB32102136A00823EC3 /* BootUITests.swift */; };
		189DDB0521021D7300823EC3 /* TPKACollectionViewController.m in Sources */ = {isa = PBXBuildFile; fileRef = 189DDAC521021D7000823EC3 /* TPKACollectionViewController.m */; };
		189DDB0621021D7300823EC3 /* TPKAScrollViewController.m in Sources */ = {isa = PBXBuildFile; fileRef = 189DDAC721021D7000823EC3 /* TPKAScrollViewController.m */; };
		189DDB0721021D7300823EC3 /* TPKATableViewController.m in Sources */ = {isa = PBXBuildFile; fileRef = 189DDAC921021D7000823EC3 /* TPKATableViewController.m */; };
		189DDB0821021D7300823EC3 /* WebServiceActions.swift in Sources */ = {isa = PBXBuildFile; fileRef = 189DDACB21021D7000823EC3 /* WebServiceActions.swift */; };
		189DDB0921021D7300823EC3 /* AppParam.swift in Sources */ = {isa = PBXBuildFile; fileRef = 189DDACD21021D7100823EC3 /* AppParam.swift */; };
		189DDB0A21021D7300823EC3 /* ViewBorder.swift in Sources */ = {isa = PBXBuildFile; fileRef = 189DDACE21021D7100823EC3 /* ViewBorder.swift */; };
		189DDB0B21021D7300823EC3 /* BootDetailScrollTopCell.swift in Sources */ = {isa = PBXBuildFile; fileRef = 189DDAD121021D7100823EC3 /* BootDetailScrollTopCell.swift */; };
		189DDB0C21021D7300823EC3 /* BootDetailTableCell.swift in Sources */ = {isa = PBXBuildFile; fileRef = 189DDAD221021D7100823EC3 /* BootDetailTableCell.swift */; };
		189DDB0D21021D7300823EC3 /* BootTeamDetailCell.swift in Sources */ = {isa = PBXBuildFile; fileRef = 189DDAD321021D7100823EC3 /* BootTeamDetailCell.swift */; };
		189DDB0E21021D7300823EC3 /* BootTamTableCell.swift in Sources */ = {isa = PBXBuildFile; fileRef = 189DDAD521021D7100823EC3 /* BootTamTableCell.swift */; };
		189DDB0F21021D7300823EC3 /* BootTeamCell.swift in Sources */ = {isa = PBXBuildFile; fileRef = 189DDAD621021D7100823EC3 /* BootTeamCell.swift */; };
		189DDB1021021D7300823EC3 /* TopSliderCell.swift in Sources */ = {isa = PBXBuildFile; fileRef = 189DDAD721021D7100823EC3 /* TopSliderCell.swift */; };
		189DDB1121021D7300823EC3 /* itemCell.swift in Sources */ = {isa = PBXBuildFile; fileRef = 189DDAD821021D7100823EC3 /* itemCell.swift */; };
		189DDB1221021D7300823EC3 /* ApiService.swift in Sources */ = {isa = PBXBuildFile; fileRef = 189DDADA21021D7100823EC3 /* ApiService.swift */; };
		189DDB1321021D7300823EC3 /* AddBar.swift in Sources */ = {isa = PBXBuildFile; fileRef = 189DDADC21021D7100823EC3 /* AddBar.swift */; };
		189DDB1421021D7300823EC3 /* BootTeam.swift in Sources */ = {isa = PBXBuildFile; fileRef = 189DDADD21021D7100823EC3 /* BootTeam.swift */; };
		189DDB1521021D7300823EC3 /* LocalGoverment.swift in Sources */ = {isa = PBXBuildFile; fileRef = 189DDADE21021D7100823EC3 /* LocalGoverment.swift */; };
		189DDB1621021D7300823EC3 /* PolicyData.swift in Sources */ = {isa = PBXBuildFile; fileRef = 189DDADF21021D7100823EC3 /* PolicyData.swift */; };
		189DDB1721021D7300823EC3 /* State.swift in Sources */ = {isa = PBXBuildFile; fileRef = 189DDAE021021D7100823EC3 /* State.swift */; };
		189DDB1821021D7300823EC3 /* Title.swift in Sources */ = {isa = PBXBuildFile; fileRef = 189DDAE121021D7100823EC3 /* Title.swift */; };
		189DDB1921021D7300823EC3 /* VideoList.swift in Sources */ = {isa = PBXBuildFile; fileRef = 189DDAE221021D7100823EC3 /* VideoList.swift */; };
		189DDB1A21021D7300823EC3 /* Ward.swift in Sources */ = {isa = PBXBuildFile; fileRef = 189DDAE321021D7100823EC3 /* Ward.swift */; };
		189DDB1B21021D7300823EC3 /* TPKeyboardAvoidingCollectionView.m in Sources */ = {isa = PBXBuildFile; fileRef = 189DDAE621021D7200823EC3 /* TPKeyboardAvoidingCollectionView.m */; };
		189DDB1C21021D7300823EC3 /* TPKeyboardAvoidingScrollView.m in Sources */ = {isa = PBXBuildFile; fileRef = 189DDAE821021D7200823EC3 /* TPKeyboardAvoidingScrollView.m */; };
		189DDB1D21021D7300823EC3 /* TPKeyboardAvoidingTableView.m in Sources */ = {isa = PBXBuildFile; fileRef = 189DDAEA21021D7200823EC3 /* TPKeyboardAvoidingTableView.m */; };
		189DDB1E21021D7300823EC3 /* UIScrollView+TPKeyboardAvoidingAdditions.m in Sources */ = {isa = PBXBuildFile; fileRef = 189DDAEC21021D7200823EC3 /* UIScrollView+TPKeyboardAvoidingAdditions.m */; };
		189DDB1F21021D7300823EC3 /* BootDetailViewController.swift in Sources */ = {isa = PBXBuildFile; fileRef = 189DDAEF21021D7200823EC3 /* BootDetailViewController.swift */; };
		189DDB2021021D7300823EC3 /* BootTeamViewController.swift in Sources */ = {isa = PBXBuildFile; fileRef = 189DDAF021021D7200823EC3 /* BootTeamViewController.swift */; };
		189DDB2121021D7300823EC3 /* HomeViewController.swift in Sources */ = {isa = PBXBuildFile; fileRef = 189DDAF121021D7200823EC3 /* HomeViewController.swift */; };
		189DDB2221021D7300823EC3 /* LaunchViewController.swift in Sources */ = {isa = PBXBuildFile; fileRef = 189DDAF321021D7200823EC3 /* LaunchViewController.swift */; };
		189DDB2321021D7300823EC3 /* MainFestoViewController.swift in Sources */ = {isa = PBXBuildFile; fileRef = 189DDAF521021D7200823EC3 /* MainFestoViewController.swift */; };
		189DDB2421021D7300823EC3 /* PolicyForamViewController.swift in Sources */ = {isa = PBXBuildFile; fileRef = 189DDAF721021D7200823EC3 /* PolicyForamViewController.swift */; };
		189DDB2521021D7300823EC3 /* aaViewController.swift in Sources */ = {isa = PBXBuildFile; fileRef = 189DDAF921021D7200823EC3 /* aaViewController.swift */; };
		189DDB2621021D7300823EC3 /* RegistrationViewController.swift in Sources */ = {isa = PBXBuildFile; fileRef = 189DDAFA21021D7200823EC3 /* RegistrationViewController.swift */; };
		189DDB2721021D7300823EC3 /* VideoViewController.swift in Sources */ = {isa = PBXBuildFile; fileRef = 189DDAFC21021D7200823EC3 /* VideoViewController.swift */; };
		189DDB2821021D7300823EC3 /* ActivityController.swift in Sources */ = {isa = PBXBuildFile; fileRef = 189DDAFE21021D7200823EC3 /* ActivityController.swift */; };
		189DDB2921021D7300823EC3 /* Reachability.swift in Sources */ = {isa = PBXBuildFile; fileRef = 189DDB0021021D7200823EC3 /* Reachability.swift */; };
		189DDB2A21021D7300823EC3 /* PolicyCell.swift in Sources */ = {isa = PBXBuildFile; fileRef = 189DDB0221021D7200823EC3 /* PolicyCell.swift */; };
		189DDB2B21021D7300823EC3 /* PolicyForamCell.swift in Sources */ = {isa = PBXBuildFile; fileRef = 189DDB0321021D7200823EC3 /* PolicyForamCell.swift */; };
		189DDB2C21021D7300823EC3 /* VideoCell.swift in Sources */ = {isa = PBXBuildFile; fileRef = 189DDB0421021D7200823EC3 /* VideoCell.swift */; };
		189DDB2F21023D7500823EC3 /* Boot.xcdatamodeld in Sources */ = {isa = PBXBuildFile; fileRef = 189DDB2D21023D7500823EC3 /* Boot.xcdatamodeld */; };
		189DDB3121024D6B00823EC3 /* Info.plist in Resources */ = {isa = PBXBuildFile; fileRef = 189DDA9F2102136A00823EC3 /* Info.plist */; };
		189DDB34210253A500823EC3 /* EventNScheduleViewController.swift in Sources */ = {isa = PBXBuildFile; fileRef = 189DDB33210253A400823EC3 /* EventNScheduleViewController.swift */; };
		189DDB362102696D00823EC3 /* EventCell.swift in Sources */ = {isa = PBXBuildFile; fileRef = 189DDB352102696D00823EC3 /* EventCell.swift */; };
		189DDB3821026EFA00823EC3 /* Event.swift in Sources */ = {isa = PBXBuildFile; fileRef = 189DDB3721026EFA00823EC3 /* Event.swift */; };
		18C34D8F210EEC100000AB22 /* SecondStoryBoard.storyboard in Resources */ = {isa = PBXBuildFile; fileRef = 18C34D8E210EEC100000AB22 /* SecondStoryBoard.storyboard */; };
		18C34D92210EF5690000AB22 /* Intro.swift in Sources */ = {isa = PBXBuildFile; fileRef = 18C34D90210EF5680000AB22 /* Intro.swift */; };
		18C34D96210F08C30000AB22 /* FinanceViewController.swift in Sources */ = {isa = PBXBuildFile; fileRef = 18C34D95210F08C30000AB22 /* FinanceViewController.swift */; };
		18C34D98210F0FBB0000AB22 /* Donate.swift in Sources */ = {isa = PBXBuildFile; fileRef = 18C34D97210F0FBA0000AB22 /* Donate.swift */; };
		18C34D9B210F44780000AB22 /* OnlineToolsViewController.swift in Sources */ = {isa = PBXBuildFile; fileRef = 18C34D9A210F44780000AB22 /* OnlineToolsViewController.swift */; };
		18C34D9D210F458D0000AB22 /* OnlineTool.swift in Sources */ = {isa = PBXBuildFile; fileRef = 18C34D9C210F458D0000AB22 /* OnlineTool.swift */; };
		18C34D9F210F4D650000AB22 /* OnlinToolDetailViewController.swift in Sources */ = {isa = PBXBuildFile; fileRef = 18C34D9E210F4D650000AB22 /* OnlinToolDetailViewController.swift */; };
		18D3E7A5210E51E400A24164 /* EFlyrCell.swift in Sources */ = {isa = PBXBuildFile; fileRef = 18D3E7A4210E51E300A24164 /* EFlyrCell.swift */; };
		18D3E7A8210E527D00A24164 /* EFlyrDetailViewController.swift in Sources */ = {isa = PBXBuildFile; fileRef = 18D3E7A6210E527D00A24164 /* EFlyrDetailViewController.swift */; };
		18D3E7A9210E527D00A24164 /* EFlyrViewController.swift in Sources */ = {isa = PBXBuildFile; fileRef = 18D3E7A7210E527D00A24164 /* EFlyrViewController.swift */; };
		18D3E7AB210E52CC00A24164 /* EFlyr.swift in Sources */ = {isa = PBXBuildFile; fileRef = 18D3E7AA210E52CC00A24164 /* EFlyr.swift */; };
		18E74853210F5C100042F5F1 /* AboutUsViewController.swift in Sources */ = {isa = PBXBuildFile; fileRef = 18E74852210F5C100042F5F1 /* AboutUsViewController.swift */; };
		18E74855210F5C210042F5F1 /* Philosophy.swift in Sources */ = {isa = PBXBuildFile; fileRef = 18E74854210F5C210042F5F1 /* Philosophy.swift */; };
		18E74858210F8B180042F5F1 /* HelpDeskViewController.swift in Sources */ = {isa = PBXBuildFile; fileRef = 18E74857210F8B180042F5F1 /* HelpDeskViewController.swift */; };
		1BFB43F73EBDDBCFF1221A7E /* Pods_BootTests.framework in Frameworks */ = {isa = PBXBuildFile; fileRef = BE6F54CD4401B5E51CAED67D /* Pods_BootTests.framework */; };
		6CF37275B3A95438FF9E175B /* Pods_BootUITests.framework in Frameworks */ = {isa = PBXBuildFile; fileRef = 6EF5FFF23EB1E1EF520E256E /* Pods_BootUITests.framework */; };
		BF008B7D226656E14163F436 /* Pods_Boot.framework in Frameworks */ = {isa = PBXBuildFile; fileRef = ED17CC2C03D88D6BBE51790B /* Pods_Boot.framework */; };
/* End PBXBuildFile section */

/* Begin PBXContainerItemProxy section */
		189DDAA52102136A00823EC3 /* PBXContainerItemProxy */ = {
			isa = PBXContainerItemProxy;
			containerPortal = 189DDA852102136900823EC3 /* Project object */;
			proxyType = 1;
			remoteGlobalIDString = 189DDA8C2102136900823EC3;
			remoteInfo = Boot;
		};
		189DDAB02102136A00823EC3 /* PBXContainerItemProxy */ = {
			isa = PBXContainerItemProxy;
			containerPortal = 189DDA852102136900823EC3 /* Project object */;
			proxyType = 1;
			remoteGlobalIDString = 189DDA8C2102136900823EC3;
			remoteInfo = Boot;
		};
/* End PBXContainerItemProxy section */

/* Begin PBXFileReference section */
		1825C9862108C2820092EEF2 /* VolunteerField.swift */ = {isa = PBXFileReference; lastKnownFileType = sourcecode.swift; path = VolunteerField.swift; sourceTree = "<group>"; };
		1825C9892108FE380092EEF2 /* String+Validation.swift */ = {isa = PBXFileReference; fileEncoding = 4; lastKnownFileType = sourcecode.swift; path = "String+Validation.swift"; sourceTree = "<group>"; };
		1825C98B210911290092EEF2 /* Data+Extension.swift */ = {isa = PBXFileReference; lastKnownFileType = sourcecode.swift; path = "Data+Extension.swift"; sourceTree = "<group>"; };
		183A1E0B21120CA700D78C2B /* FAQViewController.swift */ = {isa = PBXFileReference; lastKnownFileType = sourcecode.swift; path = FAQViewController.swift; sourceTree = "<group>"; };
		183A1E0D21122A5B00D78C2B /* FAQ.swift */ = {isa = PBXFileReference; fileEncoding = 4; lastKnownFileType = sourcecode.swift; path = FAQ.swift; sourceTree = "<group>"; };
		183A1E0F2112450200D78C2B /* FAQDetailsViewController.swift */ = {isa = PBXFileReference; lastKnownFileType = sourcecode.swift; path = FAQDetailsViewController.swift; sourceTree = "<group>"; };
		18774F7C21060FCD001BD003 /* VolunteerViewController.swift */ = {isa = PBXFileReference; lastKnownFileType = sourcecode.swift; path = VolunteerViewController.swift; sourceTree = "<group>"; };
		188E8085211064D10037AC30 /* VoteWareViewController.swift */ = {isa = PBXFileReference; lastKnownFileType = sourcecode.swift; path = VoteWareViewController.swift; sourceTree = "<group>"; };
		189456E421030E6C00260434 /* EventDetailsViewController.swift */ = {isa = PBXFileReference; lastKnownFileType = sourcecode.swift; path = EventDetailsViewController.swift; sourceTree = "<group>"; };
		189456E62103346C00260434 /* MapViewController.swift */ = {isa = PBXFileReference; lastKnownFileType = sourcecode.swift; path = MapViewController.swift; sourceTree = "<group>"; };
		1894E0602109BEB0004E6AF6 /* Boot.entitlements */ = {isa = PBXFileReference; lastKnownFileType = text.plist.entitlements; path = Boot.entitlements; sourceTree = "<group>"; };
		189DDA8D2102136900823EC3 /* Boot.app */ = {isa = PBXFileReference; explicitFileType = wrapper.application; includeInIndex = 0; path = Boot.app; sourceTree = BUILT_PRODUCTS_DIR; };
		189DDA902102136900823EC3 /* AppDelegate.swift */ = {isa = PBXFileReference; lastKnownFileType = sourcecode.swift; path = AppDelegate.swift; sourceTree = "<group>"; };
		189DDA922102136900823EC3 /* ViewController.swift */ = {isa = PBXFileReference; lastKnownFileType = sourcecode.swift; path = ViewController.swift; sourceTree = "<group>"; };
		189DDA952102136900823EC3 /* Base */ = {isa = PBXFileReference; lastKnownFileType = file.storyboard; name = Base; path = Base.lproj/Main.storyboard; sourceTree = "<group>"; };
		189DDA9A2102136A00823EC3 /* Assets.xcassets */ = {isa = PBXFileReference; lastKnownFileType = folder.assetcatalog; path = Assets.xcassets; sourceTree = "<group>"; };
		189DDA9D2102136A00823EC3 /* Base */ = {isa = PBXFileReference; lastKnownFileType = file.storyboard; name = Base; path = Base.lproj/LaunchScreen.storyboard; sourceTree = "<group>"; };
		189DDA9F2102136A00823EC3 /* Info.plist */ = {isa = PBXFileReference; lastKnownFileType = text.plist.xml; path = Info.plist; sourceTree = "<group>"; };
		189DDAA42102136A00823EC3 /* BootTests.xctest */ = {isa = PBXFileReference; explicitFileType = wrapper.cfbundle; includeInIndex = 0; path = BootTests.xctest; sourceTree = BUILT_PRODUCTS_DIR; };
		189DDAA82102136A00823EC3 /* BootTests.swift */ = {isa = PBXFileReference; lastKnownFileType = sourcecode.swift; path = BootTests.swift; sourceTree = "<group>"; };
		189DDAAA2102136A00823EC3 /* Info.plist */ = {isa = PBXFileReference; lastKnownFileType = text.plist.xml; path = Info.plist; sourceTree = "<group>"; };
		189DDAAF2102136A00823EC3 /* BootUITests.xctest */ = {isa = PBXFileReference; explicitFileType = wrapper.cfbundle; includeInIndex = 0; path = BootUITests.xctest; sourceTree = BUILT_PRODUCTS_DIR; };
		189DDAB32102136A00823EC3 /* BootUITests.swift */ = {isa = PBXFileReference; lastKnownFileType = sourcecode.swift; path = BootUITests.swift; sourceTree = "<group>"; };
		189DDAB52102136A00823EC3 /* Info.plist */ = {isa = PBXFileReference; lastKnownFileType = text.plist.xml; path = Info.plist; sourceTree = "<group>"; };
		189DDAC121021A8300823EC3 /* BOOT-Bridging-Header.h */ = {isa = PBXFileReference; lastKnownFileType = sourcecode.c.h; path = "BOOT-Bridging-Header.h"; sourceTree = "<group>"; };
		189DDAC421021D7000823EC3 /* TPKACollectionViewController.h */ = {isa = PBXFileReference; fileEncoding = 4; lastKnownFileType = sourcecode.c.h; path = TPKACollectionViewController.h; sourceTree = "<group>"; };
		189DDAC521021D7000823EC3 /* TPKACollectionViewController.m */ = {isa = PBXFileReference; fileEncoding = 4; lastKnownFileType = sourcecode.c.objc; path = TPKACollectionViewController.m; sourceTree = "<group>"; };
		189DDAC621021D7000823EC3 /* TPKAScrollViewController.h */ = {isa = PBXFileReference; fileEncoding = 4; lastKnownFileType = sourcecode.c.h; path = TPKAScrollViewController.h; sourceTree = "<group>"; };
		189DDAC721021D7000823EC3 /* TPKAScrollViewController.m */ = {isa = PBXFileReference; fileEncoding = 4; lastKnownFileType = sourcecode.c.objc; path = TPKAScrollViewController.m; sourceTree = "<group>"; };
		189DDAC821021D7000823EC3 /* TPKATableViewController.h */ = {isa = PBXFileReference; fileEncoding = 4; lastKnownFileType = sourcecode.c.h; path = TPKATableViewController.h; sourceTree = "<group>"; };
		189DDAC921021D7000823EC3 /* TPKATableViewController.m */ = {isa = PBXFileReference; fileEncoding = 4; lastKnownFileType = sourcecode.c.objc; path = TPKATableViewController.m; sourceTree = "<group>"; };
		189DDACB21021D7000823EC3 /* WebServiceActions.swift */ = {isa = PBXFileReference; fileEncoding = 4; lastKnownFileType = sourcecode.swift; path = WebServiceActions.swift; sourceTree = "<group>"; };
		189DDACD21021D7100823EC3 /* AppParam.swift */ = {isa = PBXFileReference; fileEncoding = 4; lastKnownFileType = sourcecode.swift; path = AppParam.swift; sourceTree = "<group>"; };
		189DDACE21021D7100823EC3 /* ViewBorder.swift */ = {isa = PBXFileReference; fileEncoding = 4; lastKnownFileType = sourcecode.swift; path = ViewBorder.swift; sourceTree = "<group>"; };
		189DDAD121021D7100823EC3 /* BootDetailScrollTopCell.swift */ = {isa = PBXFileReference; fileEncoding = 4; lastKnownFileType = sourcecode.swift; path = BootDetailScrollTopCell.swift; sourceTree = "<group>"; };
		189DDAD221021D7100823EC3 /* BootDetailTableCell.swift */ = {isa = PBXFileReference; fileEncoding = 4; lastKnownFileType = sourcecode.swift; path = BootDetailTableCell.swift; sourceTree = "<group>"; };
		189DDAD321021D7100823EC3 /* BootTeamDetailCell.swift */ = {isa = PBXFileReference; fileEncoding = 4; lastKnownFileType = sourcecode.swift; path = BootTeamDetailCell.swift; sourceTree = "<group>"; };
		189DDAD521021D7100823EC3 /* BootTamTableCell.swift */ = {isa = PBXFileReference; fileEncoding = 4; lastKnownFileType = sourcecode.swift; path = BootTamTableCell.swift; sourceTree = "<group>"; };
		189DDAD621021D7100823EC3 /* BootTeamCell.swift */ = {isa = PBXFileReference; fileEncoding = 4; lastKnownFileType = sourcecode.swift; path = BootTeamCell.swift; sourceTree = "<group>"; };
		189DDAD721021D7100823EC3 /* TopSliderCell.swift */ = {isa = PBXFileReference; fileEncoding = 4; lastKnownFileType = sourcecode.swift; path = TopSliderCell.swift; sourceTree = "<group>"; };
		189DDAD821021D7100823EC3 /* itemCell.swift */ = {isa = PBXFileReference; fileEncoding = 4; lastKnownFileType = sourcecode.swift; path = itemCell.swift; sourceTree = "<group>"; };
		189DDADA21021D7100823EC3 /* ApiService.swift */ = {isa = PBXFileReference; fileEncoding = 4; lastKnownFileType = sourcecode.swift; path = ApiService.swift; sourceTree = "<group>"; };
		189DDADC21021D7100823EC3 /* AddBar.swift */ = {isa = PBXFileReference; fileEncoding = 4; lastKnownFileType = sourcecode.swift; path = AddBar.swift; sourceTree = "<group>"; };
		189DDADD21021D7100823EC3 /* BootTeam.swift */ = {isa = PBXFileReference; fileEncoding = 4; lastKnownFileType = sourcecode.swift; path = BootTeam.swift; sourceTree = "<group>"; };
		189DDADE21021D7100823EC3 /* LocalGoverment.swift */ = {isa = PBXFileReference; fileEncoding = 4; lastKnownFileType = sourcecode.swift; path = LocalGoverment.swift; sourceTree = "<group>"; };
		189DDADF21021D7100823EC3 /* PolicyData.swift */ = {isa = PBXFileReference; fileEncoding = 4; lastKnownFileType = sourcecode.swift; path = PolicyData.swift; sourceTree = "<group>"; };
		189DDAE021021D7100823EC3 /* State.swift */ = {isa = PBXFileReference; fileEncoding = 4; lastKnownFileType = sourcecode.swift; path = State.swift; sourceTree = "<group>"; };
		189DDAE121021D7100823EC3 /* Title.swift */ = {isa = PBXFileReference; fileEncoding = 4; lastKnownFileType = sourcecode.swift; path = Title.swift; sourceTree = "<group>"; };
		189DDAE221021D7100823EC3 /* VideoList.swift */ = {isa = PBXFileReference; fileEncoding = 4; lastKnownFileType = sourcecode.swift; path = VideoList.swift; sourceTree = "<group>"; };
		189DDAE321021D7100823EC3 /* Ward.swift */ = {isa = PBXFileReference; fileEncoding = 4; lastKnownFileType = sourcecode.swift; path = Ward.swift; sourceTree = "<group>"; };
		189DDAE521021D7200823EC3 /* TPKeyboardAvoidingCollectionView.h */ = {isa = PBXFileReference; fileEncoding = 4; lastKnownFileType = sourcecode.c.h; path = TPKeyboardAvoidingCollectionView.h; sourceTree = "<group>"; };
		189DDAE621021D7200823EC3 /* TPKeyboardAvoidingCollectionView.m */ = {isa = PBXFileReference; fileEncoding = 4; lastKnownFileType = sourcecode.c.objc; path = TPKeyboardAvoidingCollectionView.m; sourceTree = "<group>"; };
		189DDAE721021D7200823EC3 /* TPKeyboardAvoidingScrollView.h */ = {isa = PBXFileReference; fileEncoding = 4; lastKnownFileType = sourcecode.c.h; path = TPKeyboardAvoidingScrollView.h; sourceTree = "<group>"; };
		189DDAE821021D7200823EC3 /* TPKeyboardAvoidingScrollView.m */ = {isa = PBXFileReference; fileEncoding = 4; lastKnownFileType = sourcecode.c.objc; path = TPKeyboardAvoidingScrollView.m; sourceTree = "<group>"; };
		189DDAE921021D7200823EC3 /* TPKeyboardAvoidingTableView.h */ = {isa = PBXFileReference; fileEncoding = 4; lastKnownFileType = sourcecode.c.h; path = TPKeyboardAvoidingTableView.h; sourceTree = "<group>"; };
		189DDAEA21021D7200823EC3 /* TPKeyboardAvoidingTableView.m */ = {isa = PBXFileReference; fileEncoding = 4; lastKnownFileType = sourcecode.c.objc; path = TPKeyboardAvoidingTableView.m; sourceTree = "<group>"; };
		189DDAEB21021D7200823EC3 /* UIScrollView+TPKeyboardAvoidingAdditions.h */ = {isa = PBXFileReference; fileEncoding = 4; lastKnownFileType = sourcecode.c.h; path = "UIScrollView+TPKeyboardAvoidingAdditions.h"; sourceTree = "<group>"; };
		189DDAEC21021D7200823EC3 /* UIScrollView+TPKeyboardAvoidingAdditions.m */ = {isa = PBXFileReference; fileEncoding = 4; lastKnownFileType = sourcecode.c.objc; path = "UIScrollView+TPKeyboardAvoidingAdditions.m"; sourceTree = "<group>"; };
		189DDAEF21021D7200823EC3 /* BootDetailViewController.swift */ = {isa = PBXFileReference; fileEncoding = 4; lastKnownFileType = sourcecode.swift; path = BootDetailViewController.swift; sourceTree = "<group>"; };
		189DDAF021021D7200823EC3 /* BootTeamViewController.swift */ = {isa = PBXFileReference; fileEncoding = 4; lastKnownFileType = sourcecode.swift; path = BootTeamViewController.swift; sourceTree = "<group>"; };
		189DDAF121021D7200823EC3 /* HomeViewController.swift */ = {isa = PBXFileReference; fileEncoding = 4; lastKnownFileType = sourcecode.swift; path = HomeViewController.swift; sourceTree = "<group>"; };
		189DDAF321021D7200823EC3 /* LaunchViewController.swift */ = {isa = PBXFileReference; fileEncoding = 4; lastKnownFileType = sourcecode.swift; path = LaunchViewController.swift; sourceTree = "<group>"; };
		189DDAF521021D7200823EC3 /* MainFestoViewController.swift */ = {isa = PBXFileReference; fileEncoding = 4; lastKnownFileType = sourcecode.swift; path = MainFestoViewController.swift; sourceTree = "<group>"; };
		189DDAF721021D7200823EC3 /* PolicyForamViewController.swift */ = {isa = PBXFileReference; fileEncoding = 4; lastKnownFileType = sourcecode.swift; path = PolicyForamViewController.swift; sourceTree = "<group>"; };
		189DDAF921021D7200823EC3 /* aaViewController.swift */ = {isa = PBXFileReference; fileEncoding = 4; lastKnownFileType = sourcecode.swift; path = aaViewController.swift; sourceTree = "<group>"; };
		189DDAFA21021D7200823EC3 /* RegistrationViewController.swift */ = {isa = PBXFileReference; fileEncoding = 4; lastKnownFileType = sourcecode.swift; path = RegistrationViewController.swift; sourceTree = "<group>"; };
		189DDAFC21021D7200823EC3 /* VideoViewController.swift */ = {isa = PBXFileReference; fileEncoding = 4; lastKnownFileType = sourcecode.swift; path = VideoViewController.swift; sourceTree = "<group>"; };
		189DDAFE21021D7200823EC3 /* ActivityController.swift */ = {isa = PBXFileReference; fileEncoding = 4; lastKnownFileType = sourcecode.swift; path = ActivityController.swift; sourceTree = "<group>"; };
		189DDB0021021D7200823EC3 /* Reachability.swift */ = {isa = PBXFileReference; fileEncoding = 4; lastKnownFileType = sourcecode.swift; path = Reachability.swift; sourceTree = "<group>"; };
		189DDB0221021D7200823EC3 /* PolicyCell.swift */ = {isa = PBXFileReference; fileEncoding = 4; lastKnownFileType = sourcecode.swift; path = PolicyCell.swift; sourceTree = "<group>"; };
		189DDB0321021D7200823EC3 /* PolicyForamCell.swift */ = {isa = PBXFileReference; fileEncoding = 4; lastKnownFileType = sourcecode.swift; path = PolicyForamCell.swift; sourceTree = "<group>"; };
		189DDB0421021D7200823EC3 /* VideoCell.swift */ = {isa = PBXFileReference; fileEncoding = 4; lastKnownFileType = sourcecode.swift; path = VideoCell.swift; sourceTree = "<group>"; };
		189DDB2E21023D7500823EC3 /* BOOT.xcdatamodel */ = {isa = PBXFileReference; lastKnownFileType = wrapper.xcdatamodel; path = BOOT.xcdatamodel; sourceTree = "<group>"; };
		189DDB33210253A400823EC3 /* EventNScheduleViewController.swift */ = {isa = PBXFileReference; lastKnownFileType = sourcecode.swift; path = EventNScheduleViewController.swift; sourceTree = "<group>"; };
		189DDB352102696D00823EC3 /* EventCell.swift */ = {isa = PBXFileReference; lastKnownFileType = sourcecode.swift; path = EventCell.swift; sourceTree = "<group>"; };
		189DDB3721026EFA00823EC3 /* Event.swift */ = {isa = PBXFileReference; fileEncoding = 4; lastKnownFileType = sourcecode.swift; path = Event.swift; sourceTree = "<group>"; };
		18C34D8E210EEC100000AB22 /* SecondStoryBoard.storyboard */ = {isa = PBXFileReference; lastKnownFileType = file.storyboard; path = SecondStoryBoard.storyboard; sourceTree = "<group>"; };
		18C34D90210EF5680000AB22 /* Intro.swift */ = {isa = PBXFileReference; fileEncoding = 4; lastKnownFileType = sourcecode.swift; path = Intro.swift; sourceTree = "<group>"; };
		18C34D95210F08C30000AB22 /* FinanceViewController.swift */ = {isa = PBXFileReference; lastKnownFileType = sourcecode.swift; path = FinanceViewController.swift; sourceTree = "<group>"; };
		18C34D97210F0FBA0000AB22 /* Donate.swift */ = {isa = PBXFileReference; fileEncoding = 4; lastKnownFileType = sourcecode.swift; path = Donate.swift; sourceTree = "<group>"; };
		18C34D9A210F44780000AB22 /* OnlineToolsViewController.swift */ = {isa = PBXFileReference; lastKnownFileType = sourcecode.swift; path = OnlineToolsViewController.swift; sourceTree = "<group>"; };
		18C34D9C210F458D0000AB22 /* OnlineTool.swift */ = {isa = PBXFileReference; fileEncoding = 4; lastKnownFileType = sourcecode.swift; path = OnlineTool.swift; sourceTree = "<group>"; };
		18C34D9E210F4D650000AB22 /* OnlinToolDetailViewController.swift */ = {isa = PBXFileReference; lastKnownFileType = sourcecode.swift; path = OnlinToolDetailViewController.swift; sourceTree = "<group>"; };
		18D3E7A4210E51E300A24164 /* EFlyrCell.swift */ = {isa = PBXFileReference; fileEncoding = 4; lastKnownFileType = sourcecode.swift; path = EFlyrCell.swift; sourceTree = "<group>"; };
		18D3E7A6210E527D00A24164 /* EFlyrDetailViewController.swift */ = {isa = PBXFileReference; fileEncoding = 4; lastKnownFileType = sourcecode.swift; path = EFlyrDetailViewController.swift; sourceTree = "<group>"; };
		18D3E7A7210E527D00A24164 /* EFlyrViewController.swift */ = {isa = PBXFileReference; fileEncoding = 4; lastKnownFileType = sourcecode.swift; path = EFlyrViewController.swift; sourceTree = "<group>"; };
		18D3E7AA210E52CC00A24164 /* EFlyr.swift */ = {isa = PBXFileReference; fileEncoding = 4; lastKnownFileType = sourcecode.swift; path = EFlyr.swift; sourceTree = "<group>"; };
		18E74852210F5C100042F5F1 /* AboutUsViewController.swift */ = {isa = PBXFileReference; fileEncoding = 4; lastKnownFileType = sourcecode.swift; path = AboutUsViewController.swift; sourceTree = "<group>"; };
		18E74854210F5C210042F5F1 /* Philosophy.swift */ = {isa = PBXFileReference; fileEncoding = 4; lastKnownFileType = sourcecode.swift; path = Philosophy.swift; sourceTree = "<group>"; };
		18E74857210F8B180042F5F1 /* HelpDeskViewController.swift */ = {isa = PBXFileReference; lastKnownFileType = sourcecode.swift; path = HelpDeskViewController.swift; sourceTree = "<group>"; };
		25A655227D2EAF69689C09B8 /* Pods-BootTests.release.xcconfig */ = {isa = PBXFileReference; includeInIndex = 1; lastKnownFileType = text.xcconfig; name = "Pods-BootTests.release.xcconfig"; path = "Pods/Target Support Files/Pods-BootTests/Pods-BootTests.release.xcconfig"; sourceTree = "<group>"; };
		2C4504067E4235A7A6E96174 /* Pods-BootUITests.debug.xcconfig */ = {isa = PBXFileReference; includeInIndex = 1; lastKnownFileType = text.xcconfig; name = "Pods-BootUITests.debug.xcconfig"; path = "Pods/Target Support Files/Pods-BootUITests/Pods-BootUITests.debug.xcconfig"; sourceTree = "<group>"; };
		6EF5FFF23EB1E1EF520E256E /* Pods_BootUITests.framework */ = {isa = PBXFileReference; explicitFileType = wrapper.framework; includeInIndex = 0; path = Pods_BootUITests.framework; sourceTree = BUILT_PRODUCTS_DIR; };
		7F99CF5F96BEE096AFB06289 /* Pods-BootUITests.release.xcconfig */ = {isa = PBXFileReference; includeInIndex = 1; lastKnownFileType = text.xcconfig; name = "Pods-BootUITests.release.xcconfig"; path = "Pods/Target Support Files/Pods-BootUITests/Pods-BootUITests.release.xcconfig"; sourceTree = "<group>"; };
		9951461E9BA07D4E10446968 /* Pods-BootTests.debug.xcconfig */ = {isa = PBXFileReference; includeInIndex = 1; lastKnownFileType = text.xcconfig; name = "Pods-BootTests.debug.xcconfig"; path = "Pods/Target Support Files/Pods-BootTests/Pods-BootTests.debug.xcconfig"; sourceTree = "<group>"; };
		B5E6D0ACEEF6392477BBE265 /* Pods-Boot.release.xcconfig */ = {isa = PBXFileReference; includeInIndex = 1; lastKnownFileType = text.xcconfig; name = "Pods-Boot.release.xcconfig"; path = "Pods/Target Support Files/Pods-Boot/Pods-Boot.release.xcconfig"; sourceTree = "<group>"; };
		BE6F54CD4401B5E51CAED67D /* Pods_BootTests.framework */ = {isa = PBXFileReference; explicitFileType = wrapper.framework; includeInIndex = 0; path = Pods_BootTests.framework; sourceTree = BUILT_PRODUCTS_DIR; };
		E62A70A40D4930C781DB6629 /* Pods-Boot.debug.xcconfig */ = {isa = PBXFileReference; includeInIndex = 1; lastKnownFileType = text.xcconfig; name = "Pods-Boot.debug.xcconfig"; path = "Pods/Target Support Files/Pods-Boot/Pods-Boot.debug.xcconfig"; sourceTree = "<group>"; };
		ED17CC2C03D88D6BBE51790B /* Pods_Boot.framework */ = {isa = PBXFileReference; explicitFileType = wrapper.framework; includeInIndex = 0; path = Pods_Boot.framework; sourceTree = BUILT_PRODUCTS_DIR; };
/* End PBXFileReference section */

/* Begin PBXFrameworksBuildPhase section */
		189DDA8A2102136900823EC3 /* Frameworks */ = {
			isa = PBXFrameworksBuildPhase;
			buildActionMask = 2147483647;
			files = (
				BF008B7D226656E14163F436 /* Pods_Boot.framework in Frameworks */,
			);
			runOnlyForDeploymentPostprocessing = 0;
		};
		189DDAA12102136A00823EC3 /* Frameworks */ = {
			isa = PBXFrameworksBuildPhase;
			buildActionMask = 2147483647;
			files = (
				1BFB43F73EBDDBCFF1221A7E /* Pods_BootTests.framework in Frameworks */,
			);
			runOnlyForDeploymentPostprocessing = 0;
		};
		189DDAAC2102136A00823EC3 /* Frameworks */ = {
			isa = PBXFrameworksBuildPhase;
			buildActionMask = 2147483647;
			files = (
				6CF37275B3A95438FF9E175B /* Pods_BootUITests.framework in Frameworks */,
			);
			runOnlyForDeploymentPostprocessing = 0;
		};
/* End PBXFrameworksBuildPhase section */

/* Begin PBXGroup section */
		1825C9882108FE380092EEF2 /* Extensions */ = {
			isa = PBXGroup;
			children = (
				1825C9892108FE380092EEF2 /* String+Validation.swift */,
				1825C98B210911290092EEF2 /* Data+Extension.swift */,
			);
			path = Extensions;
			sourceTree = "<group>";
		};
		18774F7B21060EEF001BD003 /* Volunteer */ = {
			isa = PBXGroup;
			children = (
				18774F7C21060FCD001BD003 /* VolunteerViewController.swift */,
			);
			path = Volunteer;
			sourceTree = "<group>";
		};
		188E5966210A43C7002E04DE /* EFlyer */ = {
			isa = PBXGroup;
			children = (
				18D3E7A6210E527D00A24164 /* EFlyrDetailViewController.swift */,
				18D3E7A7210E527D00A24164 /* EFlyrViewController.swift */,
			);
			path = EFlyer;
			sourceTree = "<group>";
		};
		188E5967210A43C8002E04DE /* OnlineTools */ = {
			isa = PBXGroup;
			children = (
				18C34D9A210F44780000AB22 /* OnlineToolsViewController.swift */,
				18C34D9E210F4D650000AB22 /* OnlinToolDetailViewController.swift */,
			);
			path = OnlineTools;
			sourceTree = "<group>";
		};
		188E8084211064B80037AC30 /* Vote */ = {
			isa = PBXGroup;
			children = (
				188E8085211064D10037AC30 /* VoteWareViewController.swift */,
			);
			path = Vote;
			sourceTree = "<group>";
		};
		189DDA842102136900823EC3 = {
			isa = PBXGroup;
			children = (
				189DDA8F2102136900823EC3 /* Boot */,
				189DDAA72102136A00823EC3 /* BootTests */,
				189DDAB22102136A00823EC3 /* BootUITests */,
				189DDA8E2102136900823EC3 /* Products */,
				7F60F7CF2A45059B72B19A82 /* Pods */,
				42A705314E8BD8E65A457871 /* Frameworks */,
			);
			sourceTree = "<group>";
		};
		189DDA8E2102136900823EC3 /* Products */ = {
			isa = PBXGroup;
			children = (
				189DDA8D2102136900823EC3 /* Boot.app */,
				189DDAA42102136A00823EC3 /* BootTests.xctest */,
				189DDAAF2102136A00823EC3 /* BootUITests.xctest */,
			);
			name = Products;
			sourceTree = "<group>";
		};
		189DDA8F2102136900823EC3 /* Boot */ = {
			isa = PBXGroup;
			children = (
				1894E0602109BEB0004E6AF6 /* Boot.entitlements */,
				1825C9882108FE380092EEF2 /* Extensions */,
				189DDAD921021D7100823EC3 /* ApiService */,
				189DDACF21021D7100823EC3 /* CollectionCell */,
				189DDACA21021D7000823EC3 /* Constant */,
				189DDAED21021D7200823EC3 /* Home */,
				189DDAFD21021D7200823EC3 /* Indicator */,
				189DDADB21021D7100823EC3 /* Modle */,
				189DDAFF21021D7200823EC3 /* ReachAbility */,
				189DDACC21021D7100823EC3 /* SingleTone */,
				189DDB0121021D7200823EC3 /* TableCell */,
				189DDAC221021D7000823EC3 /* topSlider */,
				189DDAE421021D7200823EC3 /* TPKeyboardAvoiding */,
				189DDAC321021D7000823EC3 /* TPKeyboardAvoidingSample */,
				189DDA902102136900823EC3 /* AppDelegate.swift */,
				189DDA922102136900823EC3 /* ViewController.swift */,
				189DDA942102136900823EC3 /* Main.storyboard */,
				189DDA9A2102136A00823EC3 /* Assets.xcassets */,
				189DDA9C2102136A00823EC3 /* LaunchScreen.storyboard */,
				189DDA9F2102136A00823EC3 /* Info.plist */,
				189DDAC121021A8300823EC3 /* BOOT-Bridging-Header.h */,
				189DDB2D21023D7500823EC3 /* Boot.xcdatamodeld */,
				18C34D8E210EEC100000AB22 /* SecondStoryBoard.storyboard */,
			);
			path = Boot;
			sourceTree = "<group>";
		};
		189DDAA72102136A00823EC3 /* BootTests */ = {
			isa = PBXGroup;
			children = (
				189DDAA82102136A00823EC3 /* BootTests.swift */,
				189DDAAA2102136A00823EC3 /* Info.plist */,
			);
			path = BootTests;
			sourceTree = "<group>";
		};
		189DDAB22102136A00823EC3 /* BootUITests */ = {
			isa = PBXGroup;
			children = (
				189DDAB32102136A00823EC3 /* BootUITests.swift */,
				189DDAB52102136A00823EC3 /* Info.plist */,
			);
			path = BootUITests;
			sourceTree = "<group>";
		};
		189DDAC221021D7000823EC3 /* topSlider */ = {
			isa = PBXGroup;
			children = (
			);
			path = topSlider;
			sourceTree = "<group>";
		};
		189DDAC321021D7000823EC3 /* TPKeyboardAvoidingSample */ = {
			isa = PBXGroup;
			children = (
				189DDAC421021D7000823EC3 /* TPKACollectionViewController.h */,
				189DDAC521021D7000823EC3 /* TPKACollectionViewController.m */,
				189DDAC621021D7000823EC3 /* TPKAScrollViewController.h */,
				189DDAC721021D7000823EC3 /* TPKAScrollViewController.m */,
				189DDAC821021D7000823EC3 /* TPKATableViewController.h */,
				189DDAC921021D7000823EC3 /* TPKATableViewController.m */,
			);
			path = TPKeyboardAvoidingSample;
			sourceTree = "<group>";
		};
		189DDACA21021D7000823EC3 /* Constant */ = {
			isa = PBXGroup;
			children = (
				189DDACB21021D7000823EC3 /* WebServiceActions.swift */,
			);
			path = Constant;
			sourceTree = "<group>";
		};
		189DDACC21021D7100823EC3 /* SingleTone */ = {
			isa = PBXGroup;
			children = (
				189DDACD21021D7100823EC3 /* AppParam.swift */,
				189DDACE21021D7100823EC3 /* ViewBorder.swift */,
			);
			path = SingleTone;
			sourceTree = "<group>";
		};
		189DDACF21021D7100823EC3 /* CollectionCell */ = {
			isa = PBXGroup;
			children = (
				189DDAD021021D7100823EC3 /* BootDetailCell */,
				189DDAD421021D7100823EC3 /* BootTeamCell */,
				189DDAD821021D7100823EC3 /* itemCell.swift */,
				18D3E7A4210E51E300A24164 /* EFlyrCell.swift */,
			);
			path = CollectionCell;
			sourceTree = "<group>";
		};
		189DDAD021021D7100823EC3 /* BootDetailCell */ = {
			isa = PBXGroup;
			children = (
				189DDAD121021D7100823EC3 /* BootDetailScrollTopCell.swift */,
				189DDAD221021D7100823EC3 /* BootDetailTableCell.swift */,
				189DDAD321021D7100823EC3 /* BootTeamDetailCell.swift */,
			);
			path = BootDetailCell;
			sourceTree = "<group>";
		};
		189DDAD421021D7100823EC3 /* BootTeamCell */ = {
			isa = PBXGroup;
			children = (
				189DDAD521021D7100823EC3 /* BootTamTableCell.swift */,
				189DDAD621021D7100823EC3 /* BootTeamCell.swift */,
				189DDAD721021D7100823EC3 /* TopSliderCell.swift */,
			);
			path = BootTeamCell;
			sourceTree = "<group>";
		};
		189DDAD921021D7100823EC3 /* ApiService */ = {
			isa = PBXGroup;
			children = (
				189DDADA21021D7100823EC3 /* ApiService.swift */,
			);
			path = ApiService;
			sourceTree = "<group>";
		};
		189DDADB21021D7100823EC3 /* Modle */ = {
			isa = PBXGroup;
			children = (
				183A1E0D21122A5B00D78C2B /* FAQ.swift */,
				18E74854210F5C210042F5F1 /* Philosophy.swift */,
				18C34D97210F0FBA0000AB22 /* Donate.swift */,
				18C34D90210EF5680000AB22 /* Intro.swift */,
				18C34D9C210F458D0000AB22 /* OnlineTool.swift */,
				189DDB3721026EFA00823EC3 /* Event.swift */,
				189DDADC21021D7100823EC3 /* AddBar.swift */,
				189DDADD21021D7100823EC3 /* BootTeam.swift */,
				189DDADE21021D7100823EC3 /* LocalGoverment.swift */,
				189DDADF21021D7100823EC3 /* PolicyData.swift */,
				189DDAE021021D7100823EC3 /* State.swift */,
				189DDAE121021D7100823EC3 /* Title.swift */,
				189DDAE221021D7100823EC3 /* VideoList.swift */,
				189DDAE321021D7100823EC3 /* Ward.swift */,
				18D3E7AA210E52CC00A24164 /* EFlyr.swift */,
				1825C9862108C2820092EEF2 /* VolunteerField.swift */,
			);
			path = Modle;
			sourceTree = "<group>";
		};
		189DDAE421021D7200823EC3 /* TPKeyboardAvoiding */ = {
			isa = PBXGroup;
			children = (
				189DDAE521021D7200823EC3 /* TPKeyboardAvoidingCollectionView.h */,
				189DDAE621021D7200823EC3 /* TPKeyboardAvoidingCollectionView.m */,
				189DDAE721021D7200823EC3 /* TPKeyboardAvoidingScrollView.h */,
				189DDAE821021D7200823EC3 /* TPKeyboardAvoidingScrollView.m */,
				189DDAE921021D7200823EC3 /* TPKeyboardAvoidingTableView.h */,
				189DDAEA21021D7200823EC3 /* TPKeyboardAvoidingTableView.m */,
				189DDAEB21021D7200823EC3 /* UIScrollView+TPKeyboardAvoidingAdditions.h */,
				189DDAEC21021D7200823EC3 /* UIScrollView+TPKeyboardAvoidingAdditions.m */,
			);
			path = TPKeyboardAvoiding;
			sourceTree = "<group>";
		};
		189DDAED21021D7200823EC3 /* Home */ = {
			isa = PBXGroup;
			children = (
				188E8084211064B80037AC30 /* Vote */,
				18E74856210F7FBE0042F5F1 /* HelpDesk */,
				18C34D99210F44610000AB22 /* FAQ */,
				18C34D94210F085F0000AB22 /* Finance */,
				18C34D8B210EEBA20000AB22 /* AboutUs */,
				188E5966210A43C7002E04DE /* EFlyer */,
				188E5967210A43C8002E04DE /* OnlineTools */,
				18774F7B21060EEF001BD003 /* Volunteer */,
				189DDB322102535700823EC3 /* EventNSchedule */,
				189DDAEE21021D7200823EC3 /* BootTeam */,
				189DDAF121021D7200823EC3 /* HomeViewController.swift */,
				189DDAF221021D7200823EC3 /* Launch */,
				189DDAF421021D7200823EC3 /* MainFesto */,
				189DDAF621021D7200823EC3 /* PolicyForam */,
				189DDAF821021D7200823EC3 /* Registration */,
				189DDAFB21021D7200823EC3 /* VideoManifesto */,
			);
			path = Home;
			sourceTree = "<group>";
		};
		189DDAEE21021D7200823EC3 /* BootTeam */ = {
			isa = PBXGroup;
			children = (
				189DDAEF21021D7200823EC3 /* BootDetailViewController.swift */,
				189DDAF021021D7200823EC3 /* BootTeamViewController.swift */,
			);
			path = BootTeam;
			sourceTree = "<group>";
		};
		189DDAF221021D7200823EC3 /* Launch */ = {
			isa = PBXGroup;
			children = (
				189DDAF321021D7200823EC3 /* LaunchViewController.swift */,
			);
			path = Launch;
			sourceTree = "<group>";
		};
		189DDAF421021D7200823EC3 /* MainFesto */ = {
			isa = PBXGroup;
			children = (
				189DDAF521021D7200823EC3 /* MainFestoViewController.swift */,
			);
			path = MainFesto;
			sourceTree = "<group>";
		};
		189DDAF621021D7200823EC3 /* PolicyForam */ = {
			isa = PBXGroup;
			children = (
				189DDAF721021D7200823EC3 /* PolicyForamViewController.swift */,
			);
			path = PolicyForam;
			sourceTree = "<group>";
		};
		189DDAF821021D7200823EC3 /* Registration */ = {
			isa = PBXGroup;
			children = (
				189DDAF921021D7200823EC3 /* aaViewController.swift */,
				189DDAFA21021D7200823EC3 /* RegistrationViewController.swift */,
			);
			path = Registration;
			sourceTree = "<group>";
		};
		189DDAFB21021D7200823EC3 /* VideoManifesto */ = {
			isa = PBXGroup;
			children = (
				189DDAFC21021D7200823EC3 /* VideoViewController.swift */,
			);
			path = VideoManifesto;
			sourceTree = "<group>";
		};
		189DDAFD21021D7200823EC3 /* Indicator */ = {
			isa = PBXGroup;
			children = (
				189DDAFE21021D7200823EC3 /* ActivityController.swift */,
			);
			path = Indicator;
			sourceTree = "<group>";
		};
		189DDAFF21021D7200823EC3 /* ReachAbility */ = {
			isa = PBXGroup;
			children = (
				189DDB0021021D7200823EC3 /* Reachability.swift */,
			);
			path = ReachAbility;
			sourceTree = "<group>";
		};
		189DDB0121021D7200823EC3 /* TableCell */ = {
			isa = PBXGroup;
			children = (
				189DDB0221021D7200823EC3 /* PolicyCell.swift */,
				189DDB0321021D7200823EC3 /* PolicyForamCell.swift */,
				189DDB0421021D7200823EC3 /* VideoCell.swift */,
				189DDB352102696D00823EC3 /* EventCell.swift */,
			);
			path = TableCell;
			sourceTree = "<group>";
		};
		189DDB322102535700823EC3 /* EventNSchedule */ = {
			isa = PBXGroup;
			children = (
				189DDB33210253A400823EC3 /* EventNScheduleViewController.swift */,
				189456E421030E6C00260434 /* EventDetailsViewController.swift */,
				189456E62103346C00260434 /* MapViewController.swift */,
			);
			path = EventNSchedule;
			sourceTree = "<group>";
		};
		18C34D8B210EEBA20000AB22 /* AboutUs */ = {
			isa = PBXGroup;
			children = (
				18E74852210F5C100042F5F1 /* AboutUsViewController.swift */,
			);
			path = AboutUs;
			sourceTree = "<group>";
		};
		18C34D94210F085F0000AB22 /* Finance */ = {
			isa = PBXGroup;
			children = (
				18C34D95210F08C30000AB22 /* FinanceViewController.swift */,
			);
			path = Finance;
			sourceTree = "<group>";
		};
		18C34D99210F44610000AB22 /* FAQ */ = {
			isa = PBXGroup;
			children = (
				183A1E0B21120CA700D78C2B /* FAQViewController.swift */,
				183A1E0F2112450200D78C2B /* FAQDetailsViewController.swift */,
			);
			path = FAQ;
			sourceTree = "<group>";
		};
		18E74856210F7FBE0042F5F1 /* HelpDesk */ = {
			isa = PBXGroup;
			children = (
				18E74857210F8B180042F5F1 /* HelpDeskViewController.swift */,
			);
			path = HelpDesk;
			sourceTree = "<group>";
		};
		42A705314E8BD8E65A457871 /* Frameworks */ = {
			isa = PBXGroup;
			children = (
				ED17CC2C03D88D6BBE51790B /* Pods_Boot.framework */,
				BE6F54CD4401B5E51CAED67D /* Pods_BootTests.framework */,
				6EF5FFF23EB1E1EF520E256E /* Pods_BootUITests.framework */,
			);
			name = Frameworks;
			sourceTree = "<group>";
		};
		7F60F7CF2A45059B72B19A82 /* Pods */ = {
			isa = PBXGroup;
			children = (
				E62A70A40D4930C781DB6629 /* Pods-Boot.debug.xcconfig */,
				B5E6D0ACEEF6392477BBE265 /* Pods-Boot.release.xcconfig */,
				9951461E9BA07D4E10446968 /* Pods-BootTests.debug.xcconfig */,
				25A655227D2EAF69689C09B8 /* Pods-BootTests.release.xcconfig */,
				2C4504067E4235A7A6E96174 /* Pods-BootUITests.debug.xcconfig */,
				7F99CF5F96BEE096AFB06289 /* Pods-BootUITests.release.xcconfig */,
			);
			name = Pods;
			sourceTree = "<group>";
		};
/* End PBXGroup section */

/* Begin PBXNativeTarget section */
		189DDA8C2102136900823EC3 /* Boot */ = {
			isa = PBXNativeTarget;
			buildConfigurationList = 189DDAB82102136A00823EC3 /* Build configuration list for PBXNativeTarget "Boot" */;
			buildPhases = (
				306265FB2C0BC19F25A15E3D /* [CP] Check Pods Manifest.lock */,
				189DDA892102136900823EC3 /* Sources */,
				189DDA8A2102136900823EC3 /* Frameworks */,
				189DDA8B2102136900823EC3 /* Resources */,
				33B74F5A3DD612E49AC8CA08 /* [CP] Embed Pods Frameworks */,
			);
			buildRules = (
			);
			dependencies = (
			);
			name = Boot;
			productName = Boot;
			productReference = 189DDA8D2102136900823EC3 /* Boot.app */;
			productType = "com.apple.product-type.application";
		};
		189DDAA32102136A00823EC3 /* BootTests */ = {
			isa = PBXNativeTarget;
			buildConfigurationList = 189DDABB2102136A00823EC3 /* Build configuration list for PBXNativeTarget "BootTests" */;
			buildPhases = (
				B406FEF67A8A36E74FDFCB9E /* [CP] Check Pods Manifest.lock */,
				189DDAA02102136A00823EC3 /* Sources */,
				189DDAA12102136A00823EC3 /* Frameworks */,
				189DDAA22102136A00823EC3 /* Resources */,
			);
			buildRules = (
			);
			dependencies = (
				189DDAA62102136A00823EC3 /* PBXTargetDependency */,
			);
			name = BootTests;
			productName = BootTests;
			productReference = 189DDAA42102136A00823EC3 /* BootTests.xctest */;
			productType = "com.apple.product-type.bundle.unit-test";
		};
		189DDAAE2102136A00823EC3 /* BootUITests */ = {
			isa = PBXNativeTarget;
			buildConfigurationList = 189DDABE2102136A00823EC3 /* Build configuration list for PBXNativeTarget "BootUITests" */;
			buildPhases = (
				2752455C1AE6B498B3E81421 /* [CP] Check Pods Manifest.lock */,
				189DDAAB2102136A00823EC3 /* Sources */,
				189DDAAC2102136A00823EC3 /* Frameworks */,
				189DDAAD2102136A00823EC3 /* Resources */,
			);
			buildRules = (
			);
			dependencies = (
				189DDAB12102136A00823EC3 /* PBXTargetDependency */,
			);
			name = BootUITests;
			productName = BootUITests;
			productReference = 189DDAAF2102136A00823EC3 /* BootUITests.xctest */;
			productType = "com.apple.product-type.bundle.ui-testing";
		};
/* End PBXNativeTarget section */

/* Begin PBXProject section */
		189DDA852102136900823EC3 /* Project object */ = {
			isa = PBXProject;
			attributes = {
				LastSwiftUpdateCheck = 0930;
				LastUpgradeCheck = 0930;
				ORGANIZATIONNAME = Nitin;
				TargetAttributes = {
					189DDA8C2102136900823EC3 = {
						CreatedOnToolsVersion = 9.3;
						ProvisioningStyle = Automatic;
						SystemCapabilities = {
							com.apple.iCloud = {
								enabled = 1;
							};
						};
					};
					189DDAA32102136A00823EC3 = {
						CreatedOnToolsVersion = 9.3;
						ProvisioningStyle = Automatic;
						TestTargetID = 189DDA8C2102136900823EC3;
					};
					189DDAAE2102136A00823EC3 = {
						CreatedOnToolsVersion = 9.3;
						ProvisioningStyle = Automatic;
						TestTargetID = 189DDA8C2102136900823EC3;
					};
				};
			};
			buildConfigurationList = 189DDA882102136900823EC3 /* Build configuration list for PBXProject "Boot" */;
			compatibilityVersion = "Xcode 8.0";
			developmentRegion = en;
			hasScannedForEncodings = 0;
			knownRegions = (
				en,
				Base,
			);
			mainGroup = 189DDA842102136900823EC3;
			productRefGroup = 189DDA8E2102136900823EC3 /* Products */;
			projectDirPath = "";
			projectRoot = "";
			targets = (
				189DDA8C2102136900823EC3 /* Boot */,
				189DDAA32102136A00823EC3 /* BootTests */,
				189DDAAE2102136A00823EC3 /* BootUITests */,
			);
		};
/* End PBXProject section */

/* Begin PBXResourcesBuildPhase section */
		189DDA8B2102136900823EC3 /* Resources */ = {
			isa = PBXResourcesBuildPhase;
			buildActionMask = 2147483647;
			files = (
				189DDB3121024D6B00823EC3 /* Info.plist in Resources */,
				18C34D8F210EEC100000AB22 /* SecondStoryBoard.storyboard in Resources */,
				189DDA9E2102136A00823EC3 /* LaunchScreen.storyboard in Resources */,
				189DDA9B2102136A00823EC3 /* Assets.xcassets in Resources */,
				189DDA962102136900823EC3 /* Main.storyboard in Resources */,
			);
			runOnlyForDeploymentPostprocessing = 0;
		};
		189DDAA22102136A00823EC3 /* Resources */ = {
			isa = PBXResourcesBuildPhase;
			buildActionMask = 2147483647;
			files = (
			);
			runOnlyForDeploymentPostprocessing = 0;
		};
		189DDAAD2102136A00823EC3 /* Resources */ = {
			isa = PBXResourcesBuildPhase;
			buildActionMask = 2147483647;
			files = (
			);
			runOnlyForDeploymentPostprocessing = 0;
		};
/* End PBXResourcesBuildPhase section */

/* Begin PBXShellScriptBuildPhase section */
		2752455C1AE6B498B3E81421 /* [CP] Check Pods Manifest.lock */ = {
			isa = PBXShellScriptBuildPhase;
			buildActionMask = 2147483647;
			files = (
			);
			inputPaths = (
				"${PODS_PODFILE_DIR_PATH}/Podfile.lock",
				"${PODS_ROOT}/Manifest.lock",
			);
			name = "[CP] Check Pods Manifest.lock";
			outputPaths = (
				"$(DERIVED_FILE_DIR)/Pods-BootUITests-checkManifestLockResult.txt",
			);
			runOnlyForDeploymentPostprocessing = 0;
			shellPath = /bin/sh;
			shellScript = "diff \"${PODS_PODFILE_DIR_PATH}/Podfile.lock\" \"${PODS_ROOT}/Manifest.lock\" > /dev/null\nif [ $? != 0 ] ; then\n    # print error to STDERR\n    echo \"error: The sandbox is not in sync with the Podfile.lock. Run 'pod install' or update your CocoaPods installation.\" >&2\n    exit 1\nfi\n# This output is used by Xcode 'outputs' to avoid re-running this script phase.\necho \"SUCCESS\" > \"${SCRIPT_OUTPUT_FILE_0}\"\n";
			showEnvVarsInLog = 0;
		};
		306265FB2C0BC19F25A15E3D /* [CP] Check Pods Manifest.lock */ = {
			isa = PBXShellScriptBuildPhase;
			buildActionMask = 2147483647;
			files = (
			);
			inputPaths = (
				"${PODS_PODFILE_DIR_PATH}/Podfile.lock",
				"${PODS_ROOT}/Manifest.lock",
			);
			name = "[CP] Check Pods Manifest.lock";
			outputPaths = (
				"$(DERIVED_FILE_DIR)/Pods-Boot-checkManifestLockResult.txt",
			);
			runOnlyForDeploymentPostprocessing = 0;
			shellPath = /bin/sh;
			shellScript = "diff \"${PODS_PODFILE_DIR_PATH}/Podfile.lock\" \"${PODS_ROOT}/Manifest.lock\" > /dev/null\nif [ $? != 0 ] ; then\n    # print error to STDERR\n    echo \"error: The sandbox is not in sync with the Podfile.lock. Run 'pod install' or update your CocoaPods installation.\" >&2\n    exit 1\nfi\n# This output is used by Xcode 'outputs' to avoid re-running this script phase.\necho \"SUCCESS\" > \"${SCRIPT_OUTPUT_FILE_0}\"\n";
			showEnvVarsInLog = 0;
		};
		33B74F5A3DD612E49AC8CA08 /* [CP] Embed Pods Frameworks */ = {
			isa = PBXShellScriptBuildPhase;
			buildActionMask = 2147483647;
			files = (
			);
			inputPaths = (
				"${SRCROOT}/Pods/Target Support Files/Pods-Boot/Pods-Boot-frameworks.sh",
				"${BUILT_PRODUCTS_DIR}/SwiftyJSON/SwiftyJSON.framework",
			);
			name = "[CP] Embed Pods Frameworks";
			outputPaths = (
				"${TARGET_BUILD_DIR}/${FRAMEWORKS_FOLDER_PATH}/SwiftyJSON.framework",
			);
			runOnlyForDeploymentPostprocessing = 0;
			shellPath = /bin/sh;
			shellScript = "\"${SRCROOT}/Pods/Target Support Files/Pods-Boot/Pods-Boot-frameworks.sh\"\n";
			showEnvVarsInLog = 0;
		};
		B406FEF67A8A36E74FDFCB9E /* [CP] Check Pods Manifest.lock */ = {
			isa = PBXShellScriptBuildPhase;
			buildActionMask = 2147483647;
			files = (
			);
			inputPaths = (
				"${PODS_PODFILE_DIR_PATH}/Podfile.lock",
				"${PODS_ROOT}/Manifest.lock",
			);
			name = "[CP] Check Pods Manifest.lock";
			outputPaths = (
				"$(DERIVED_FILE_DIR)/Pods-BootTests-checkManifestLockResult.txt",
			);
			runOnlyForDeploymentPostprocessing = 0;
			shellPath = /bin/sh;
			shellScript = "diff \"${PODS_PODFILE_DIR_PATH}/Podfile.lock\" \"${PODS_ROOT}/Manifest.lock\" > /dev/null\nif [ $? != 0 ] ; then\n    # print error to STDERR\n    echo \"error: The sandbox is not in sync with the Podfile.lock. Run 'pod install' or update your CocoaPods installation.\" >&2\n    exit 1\nfi\n# This output is used by Xcode 'outputs' to avoid re-running this script phase.\necho \"SUCCESS\" > \"${SCRIPT_OUTPUT_FILE_0}\"\n";
			showEnvVarsInLog = 0;
		};
/* End PBXShellScriptBuildPhase section */

/* Begin PBXSourcesBuildPhase section */
		189DDA892102136900823EC3 /* Sources */ = {
			isa = PBXSourcesBuildPhase;
			buildActionMask = 2147483647;
			files = (
				189DDB0521021D7300823EC3 /* TPKACollectionViewController.m in Sources */,
				189DDB0D21021D7300823EC3 /* BootTeamDetailCell.swift in Sources */,
				189DDB1221021D7300823EC3 /* ApiService.swift in Sources */,
				183A1E102112450200D78C2B /* FAQDetailsViewController.swift in Sources */,
				189DDB1721021D7300823EC3 /* State.swift in Sources */,
				18D3E7A8210E527D00A24164 /* EFlyrDetailViewController.swift in Sources */,
				18E74858210F8B180042F5F1 /* HelpDeskViewController.swift in Sources */,
				189DDA932102136900823EC3 /* ViewController.swift in Sources */,
				189DDB1E21021D7300823EC3 /* UIScrollView+TPKeyboardAvoidingAdditions.m in Sources */,
				189DDB1421021D7300823EC3 /* BootTeam.swift in Sources */,
				189DDB1A21021D7300823EC3 /* Ward.swift in Sources */,
				189DDB3821026EFA00823EC3 /* Event.swift in Sources */,
				189DDB2021021D7300823EC3 /* BootTeamViewController.swift in Sources */,
				183A1E0C21120CA700D78C2B /* FAQViewController.swift in Sources */,
				189DDB0621021D7300823EC3 /* TPKAScrollViewController.m in Sources */,
				189456E521030E6C00260434 /* EventDetailsViewController.swift in Sources */,
				18774F7D21060FCD001BD003 /* VolunteerViewController.swift in Sources */,
				1825C98C210911290092EEF2 /* Data+Extension.swift in Sources */,
				189DDB0921021D7300823EC3 /* AppParam.swift in Sources */,
				18D3E7AB210E52CC00A24164 /* EFlyr.swift in Sources */,
				189DDB1D21021D7300823EC3 /* TPKeyboardAvoidingTableView.m in Sources */,
				18D3E7A9210E527D00A24164 /* EFlyrViewController.swift in Sources */,
				18C34D92210EF5690000AB22 /* Intro.swift in Sources */,
				189DDB2C21021D7300823EC3 /* VideoCell.swift in Sources */,
				18C34D9B210F44780000AB22 /* OnlineToolsViewController.swift in Sources */,
				18C34D9D210F458D0000AB22 /* OnlineTool.swift in Sources */,
				189DDB0721021D7300823EC3 /* TPKATableViewController.m in Sources */,
				189DDB0B21021D7300823EC3 /* BootDetailScrollTopCell.swift in Sources */,
				189DDB1521021D7300823EC3 /* LocalGoverment.swift in Sources */,
				18E74855210F5C210042F5F1 /* Philosophy.swift in Sources */,
				189DDB2421021D7300823EC3 /* PolicyForamViewController.swift in Sources */,
				189DDB2F21023D7500823EC3 /* Boot.xcdatamodeld in Sources */,
				18C34D9F210F4D650000AB22 /* OnlinToolDetailViewController.swift in Sources */,
				189DDB2321021D7300823EC3 /* MainFestoViewController.swift in Sources */,
				189DDB1621021D7300823EC3 /* PolicyData.swift in Sources */,
				189DDB1121021D7300823EC3 /* itemCell.swift in Sources */,
				189DDB2621021D7300823EC3 /* RegistrationViewController.swift in Sources */,
				189DDB1C21021D7300823EC3 /* TPKeyboardAvoidingScrollView.m in Sources */,
				189DDB2221021D7300823EC3 /* LaunchViewController.swift in Sources */,
				18D3E7A5210E51E400A24164 /* EFlyrCell.swift in Sources */,
				189DDB0C21021D7300823EC3 /* BootDetailTableCell.swift in Sources */,
				189DDB2721021D7300823EC3 /* VideoViewController.swift in Sources */,
				1825C9872108C2820092EEF2 /* VolunteerField.swift in Sources */,
				189DDB1821021D7300823EC3 /* Title.swift in Sources */,
				189DDB0A21021D7300823EC3 /* ViewBorder.swift in Sources */,
				188E8086211064D10037AC30 /* VoteWareViewController.swift in Sources */,
				189DDA912102136900823EC3 /* AppDelegate.swift in Sources */,
				189456E72103346D00260434 /* MapViewController.swift in Sources */,
				189DDB34210253A500823EC3 /* EventNScheduleViewController.swift in Sources */,
				189DDB0821021D7300823EC3 /* WebServiceActions.swift in Sources */,
				1825C98A2108FE380092EEF2 /* String+Validation.swift in Sources */,
				18E74853210F5C100042F5F1 /* AboutUsViewController.swift in Sources */,
				189DDB1021021D7300823EC3 /* TopSliderCell.swift in Sources */,
				189DDB0F21021D7300823EC3 /* BootTeamCell.swift in Sources */,
				18C34D98210F0FBB0000AB22 /* Donate.swift in Sources */,
				189DDB1921021D7300823EC3 /* VideoList.swift in Sources */,
				189DDB2121021D7300823EC3 /* HomeViewController.swift in Sources */,
				183A1E0E21122A5B00D78C2B /* FAQ.swift in Sources */,
				18C34D96210F08C30000AB22 /* FinanceViewController.swift in Sources */,
				189DDB0E21021D7300823EC3 /* BootTamTableCell.swift in Sources */,
				189DDB1F21021D7300823EC3 /* BootDetailViewController.swift in Sources */,
				189DDB362102696D00823EC3 /* EventCell.swift in Sources */,
				189DDB2B21021D7300823EC3 /* PolicyForamCell.swift in Sources */,
				189DDB1B21021D7300823EC3 /* TPKeyboardAvoidingCollectionView.m in Sources */,
				189DDB2A21021D7300823EC3 /* PolicyCell.swift in Sources */,
				189DDB2521021D7300823EC3 /* aaViewController.swift in Sources */,
				189DDB2821021D7300823EC3 /* ActivityController.swift in Sources */,
				189DDB2921021D7300823EC3 /* Reachability.swift in Sources */,
				189DDB1321021D7300823EC3 /* AddBar.swift in Sources */,
			);
			runOnlyForDeploymentPostprocessing = 0;
		};
		189DDAA02102136A00823EC3 /* Sources */ = {
			isa = PBXSourcesBuildPhase;
			buildActionMask = 2147483647;
			files = (
				189DDAA92102136A00823EC3 /* BootTests.swift in Sources */,
			);
			runOnlyForDeploymentPostprocessing = 0;
		};
		189DDAAB2102136A00823EC3 /* Sources */ = {
			isa = PBXSourcesBuildPhase;
			buildActionMask = 2147483647;
			files = (
				189DDAB42102136A00823EC3 /* BootUITests.swift in Sources */,
			);
			runOnlyForDeploymentPostprocessing = 0;
		};
/* End PBXSourcesBuildPhase section */

/* Begin PBXTargetDependency section */
		189DDAA62102136A00823EC3 /* PBXTargetDependency */ = {
			isa = PBXTargetDependency;
			target = 189DDA8C2102136900823EC3 /* Boot */;
			targetProxy = 189DDAA52102136A00823EC3 /* PBXContainerItemProxy */;
		};
		189DDAB12102136A00823EC3 /* PBXTargetDependency */ = {
			isa = PBXTargetDependency;
			target = 189DDA8C2102136900823EC3 /* Boot */;
			targetProxy = 189DDAB02102136A00823EC3 /* PBXContainerItemProxy */;
		};
/* End PBXTargetDependency section */

/* Begin PBXVariantGroup section */
		189DDA942102136900823EC3 /* Main.storyboard */ = {
			isa = PBXVariantGroup;
			children = (
				189DDA952102136900823EC3 /* Base */,
			);
			name = Main.storyboard;
			sourceTree = "<group>";
		};
		189DDA9C2102136A00823EC3 /* LaunchScreen.storyboard */ = {
			isa = PBXVariantGroup;
			children = (
				189DDA9D2102136A00823EC3 /* Base */,
			);
			name = LaunchScreen.storyboard;
			sourceTree = "<group>";
		};
/* End PBXVariantGroup section */

/* Begin XCBuildConfiguration section */
		189DDAB62102136A00823EC3 /* Debug */ = {
			isa = XCBuildConfiguration;
			buildSettings = {
				ALWAYS_SEARCH_USER_PATHS = NO;
				CLANG_ANALYZER_NONNULL = YES;
				CLANG_ANALYZER_NUMBER_OBJECT_CONVERSION = YES_AGGRESSIVE;
				CLANG_CXX_LANGUAGE_STANDARD = "gnu++14";
				CLANG_CXX_LIBRARY = "libc++";
				CLANG_ENABLE_MODULES = YES;
				CLANG_ENABLE_OBJC_ARC = YES;
				CLANG_ENABLE_OBJC_WEAK = YES;
				CLANG_WARN_BLOCK_CAPTURE_AUTORELEASING = YES;
				CLANG_WARN_BOOL_CONVERSION = YES;
				CLANG_WARN_COMMA = YES;
				CLANG_WARN_CONSTANT_CONVERSION = YES;
				CLANG_WARN_DEPRECATED_OBJC_IMPLEMENTATIONS = YES;
				CLANG_WARN_DIRECT_OBJC_ISA_USAGE = YES_ERROR;
				CLANG_WARN_DOCUMENTATION_COMMENTS = YES;
				CLANG_WARN_EMPTY_BODY = YES;
				CLANG_WARN_ENUM_CONVERSION = YES;
				CLANG_WARN_INFINITE_RECURSION = YES;
				CLANG_WARN_INT_CONVERSION = YES;
				CLANG_WARN_NON_LITERAL_NULL_CONVERSION = YES;
				CLANG_WARN_OBJC_IMPLICIT_RETAIN_SELF = YES;
				CLANG_WARN_OBJC_LITERAL_CONVERSION = YES;
				CLANG_WARN_OBJC_ROOT_CLASS = YES_ERROR;
				CLANG_WARN_RANGE_LOOP_ANALYSIS = YES;
				CLANG_WARN_STRICT_PROTOTYPES = YES;
				CLANG_WARN_SUSPICIOUS_MOVE = YES;
				CLANG_WARN_UNGUARDED_AVAILABILITY = YES_AGGRESSIVE;
				CLANG_WARN_UNREACHABLE_CODE = YES;
				CLANG_WARN__DUPLICATE_METHOD_MATCH = YES;
				CODE_SIGN_IDENTITY = "iPhone Developer";
				COPY_PHASE_STRIP = NO;
				DEBUG_INFORMATION_FORMAT = dwarf;
				ENABLE_STRICT_OBJC_MSGSEND = YES;
				ENABLE_TESTABILITY = YES;
				GCC_C_LANGUAGE_STANDARD = gnu11;
				GCC_DYNAMIC_NO_PIC = NO;
				GCC_NO_COMMON_BLOCKS = YES;
				GCC_OPTIMIZATION_LEVEL = 0;
				GCC_PREPROCESSOR_DEFINITIONS = (
					"DEBUG=1",
					"$(inherited)",
				);
				GCC_WARN_64_TO_32_BIT_CONVERSION = YES;
				GCC_WARN_ABOUT_RETURN_TYPE = YES_ERROR;
				GCC_WARN_UNDECLARED_SELECTOR = YES;
				GCC_WARN_UNINITIALIZED_AUTOS = YES_AGGRESSIVE;
				GCC_WARN_UNUSED_FUNCTION = YES;
				GCC_WARN_UNUSED_VARIABLE = YES;
				IPHONEOS_DEPLOYMENT_TARGET = 11.3;
				MTL_ENABLE_DEBUG_INFO = YES;
				ONLY_ACTIVE_ARCH = YES;
				SDKROOT = iphoneos;
				SWIFT_ACTIVE_COMPILATION_CONDITIONS = DEBUG;
				SWIFT_OPTIMIZATION_LEVEL = "-Onone";
			};
			name = Debug;
		};
		189DDAB72102136A00823EC3 /* Release */ = {
			isa = XCBuildConfiguration;
			buildSettings = {
				ALWAYS_SEARCH_USER_PATHS = NO;
				CLANG_ANALYZER_NONNULL = YES;
				CLANG_ANALYZER_NUMBER_OBJECT_CONVERSION = YES_AGGRESSIVE;
				CLANG_CXX_LANGUAGE_STANDARD = "gnu++14";
				CLANG_CXX_LIBRARY = "libc++";
				CLANG_ENABLE_MODULES = YES;
				CLANG_ENABLE_OBJC_ARC = YES;
				CLANG_ENABLE_OBJC_WEAK = YES;
				CLANG_WARN_BLOCK_CAPTURE_AUTORELEASING = YES;
				CLANG_WARN_BOOL_CONVERSION = YES;
				CLANG_WARN_COMMA = YES;
				CLANG_WARN_CONSTANT_CONVERSION = YES;
				CLANG_WARN_DEPRECATED_OBJC_IMPLEMENTATIONS = YES;
				CLANG_WARN_DIRECT_OBJC_ISA_USAGE = YES_ERROR;
				CLANG_WARN_DOCUMENTATION_COMMENTS = YES;
				CLANG_WARN_EMPTY_BODY = YES;
				CLANG_WARN_ENUM_CONVERSION = YES;
				CLANG_WARN_INFINITE_RECURSION = YES;
				CLANG_WARN_INT_CONVERSION = YES;
				CLANG_WARN_NON_LITERAL_NULL_CONVERSION = YES;
				CLANG_WARN_OBJC_IMPLICIT_RETAIN_SELF = YES;
				CLANG_WARN_OBJC_LITERAL_CONVERSION = YES;
				CLANG_WARN_OBJC_ROOT_CLASS = YES_ERROR;
				CLANG_WARN_RANGE_LOOP_ANALYSIS = YES;
				CLANG_WARN_STRICT_PROTOTYPES = YES;
				CLANG_WARN_SUSPICIOUS_MOVE = YES;
				CLANG_WARN_UNGUARDED_AVAILABILITY = YES_AGGRESSIVE;
				CLANG_WARN_UNREACHABLE_CODE = YES;
				CLANG_WARN__DUPLICATE_METHOD_MATCH = YES;
				CODE_SIGN_IDENTITY = "iPhone Developer";
				COPY_PHASE_STRIP = NO;
				DEBUG_INFORMATION_FORMAT = "dwarf-with-dsym";
				ENABLE_NS_ASSERTIONS = NO;
				ENABLE_STRICT_OBJC_MSGSEND = YES;
				GCC_C_LANGUAGE_STANDARD = gnu11;
				GCC_NO_COMMON_BLOCKS = YES;
				GCC_WARN_64_TO_32_BIT_CONVERSION = YES;
				GCC_WARN_ABOUT_RETURN_TYPE = YES_ERROR;
				GCC_WARN_UNDECLARED_SELECTOR = YES;
				GCC_WARN_UNINITIALIZED_AUTOS = YES_AGGRESSIVE;
				GCC_WARN_UNUSED_FUNCTION = YES;
				GCC_WARN_UNUSED_VARIABLE = YES;
				IPHONEOS_DEPLOYMENT_TARGET = 11.3;
				MTL_ENABLE_DEBUG_INFO = NO;
				SDKROOT = iphoneos;
				SWIFT_OPTIMIZATION_LEVEL = "-Owholemodule";
				VALIDATE_PRODUCT = YES;
			};
			name = Release;
		};
		189DDAB92102136A00823EC3 /* Debug */ = {
			isa = XCBuildConfiguration;
			baseConfigurationReference = E62A70A40D4930C781DB6629 /* Pods-Boot.debug.xcconfig */;
			buildSettings = {
				ASSETCATALOG_COMPILER_APPICON_NAME = AppIcon;
				CODE_SIGN_ENTITLEMENTS = Boot/Boot.entitlements;
				CODE_SIGN_STYLE = Automatic;
				DEVELOPMENT_TEAM = ASW4KP6ERS;
				INFOPLIST_FILE = Boot/Info.plist;
				IPHONEOS_DEPLOYMENT_TARGET = 10.0;
				LD_RUNPATH_SEARCH_PATHS = "$(inherited) @executable_path/Frameworks";
				PRODUCT_BUNDLE_IDENTIFIER = com.boot.app;
				PRODUCT_NAME = "$(TARGET_NAME)";
				SWIFT_VERSION = 4.0;
				TARGETED_DEVICE_FAMILY = "1,2";
			};
			name = Debug;
		};
		189DDABA2102136A00823EC3 /* Release */ = {
			isa = XCBuildConfiguration;
			baseConfigurationReference = B5E6D0ACEEF6392477BBE265 /* Pods-Boot.release.xcconfig */;
			buildSettings = {
				ASSETCATALOG_COMPILER_APPICON_NAME = AppIcon;
				CODE_SIGN_ENTITLEMENTS = Boot/Boot.entitlements;
				CODE_SIGN_STYLE = Automatic;
				DEVELOPMENT_TEAM = ASW4KP6ERS;
				INFOPLIST_FILE = Boot/Info.plist;
				IPHONEOS_DEPLOYMENT_TARGET = 10.0;
				LD_RUNPATH_SEARCH_PATHS = "$(inherited) @executable_path/Frameworks";
				PRODUCT_BUNDLE_IDENTIFIER = com.boot.app;
				PRODUCT_NAME = "$(TARGET_NAME)";
				SWIFT_VERSION = 4.0;
				TARGETED_DEVICE_FAMILY = "1,2";
			};
			name = Release;
		};
		189DDABC2102136A00823EC3 /* Debug */ = {
			isa = XCBuildConfiguration;
			baseConfigurationReference = 9951461E9BA07D4E10446968 /* Pods-BootTests.debug.xcconfig */;
			buildSettings = {
				ALWAYS_EMBED_SWIFT_STANDARD_LIBRARIES = YES;
				BUNDLE_LOADER = "$(TEST_HOST)";
				CODE_SIGN_STYLE = Automatic;
				INFOPLIST_FILE = BootTests/Info.plist;
				LD_RUNPATH_SEARCH_PATHS = "$(inherited) @executable_path/Frameworks @loader_path/Frameworks";
				PRODUCT_BUNDLE_IDENTIFIER = com.anon.pickme.BootTests;
				PRODUCT_NAME = "$(TARGET_NAME)";
				SWIFT_VERSION = 4.0;
				TARGETED_DEVICE_FAMILY = "1,2";
				TEST_HOST = "$(BUILT_PRODUCTS_DIR)/Boot.app/Boot";
			};
			name = Debug;
		};
		189DDABD2102136A00823EC3 /* Release */ = {
			isa = XCBuildConfiguration;
			baseConfigurationReference = 25A655227D2EAF69689C09B8 /* Pods-BootTests.release.xcconfig */;
			buildSettings = {
				ALWAYS_EMBED_SWIFT_STANDARD_LIBRARIES = YES;
				BUNDLE_LOADER = "$(TEST_HOST)";
				CODE_SIGN_STYLE = Automatic;
				INFOPLIST_FILE = BootTests/Info.plist;
				LD_RUNPATH_SEARCH_PATHS = "$(inherited) @executable_path/Frameworks @loader_path/Frameworks";
				PRODUCT_BUNDLE_IDENTIFIER = com.anon.pickme.BootTests;
				PRODUCT_NAME = "$(TARGET_NAME)";
				SWIFT_VERSION = 4.0;
				TARGETED_DEVICE_FAMILY = "1,2";
				TEST_HOST = "$(BUILT_PRODUCTS_DIR)/Boot.app/Boot";
			};
			name = Release;
		};
		189DDABF2102136A00823EC3 /* Debug */ = {
			isa = XCBuildConfiguration;
			baseConfigurationReference = 2C4504067E4235A7A6E96174 /* Pods-BootUITests.debug.xcconfig */;
			buildSettings = {
				ALWAYS_EMBED_SWIFT_STANDARD_LIBRARIES = YES;
				CODE_SIGN_STYLE = Automatic;
				INFOPLIST_FILE = BootUITests/Info.plist;
				LD_RUNPATH_SEARCH_PATHS = "$(inherited) @executable_path/Frameworks @loader_path/Frameworks";
				PRODUCT_BUNDLE_IDENTIFIER = com.anon.pickme.BootUITests;
				PRODUCT_NAME = "$(TARGET_NAME)";
				SWIFT_VERSION = 4.0;
				TARGETED_DEVICE_FAMILY = "1,2";
				TEST_TARGET_NAME = Boot;
			};
			name = Debug;
		};
		189DDAC02102136A00823EC3 /* Release */ = {
			isa = XCBuildConfiguration;
			baseConfigurationReference = 7F99CF5F96BEE096AFB06289 /* Pods-BootUITests.release.xcconfig */;
			buildSettings = {
				ALWAYS_EMBED_SWIFT_STANDARD_LIBRARIES = YES;
				CODE_SIGN_STYLE = Automatic;
				INFOPLIST_FILE = BootUITests/Info.plist;
				LD_RUNPATH_SEARCH_PATHS = "$(inherited) @executable_path/Frameworks @loader_path/Frameworks";
				PRODUCT_BUNDLE_IDENTIFIER = com.anon.pickme.BootUITests;
				PRODUCT_NAME = "$(TARGET_NAME)";
				SWIFT_VERSION = 4.0;
				TARGETED_DEVICE_FAMILY = "1,2";
				TEST_TARGET_NAME = Boot;
			};
			name = Release;
		};
/* End XCBuildConfiguration section */

/* Begin XCConfigurationList section */
		189DDA882102136900823EC3 /* Build configuration list for PBXProject "Boot" */ = {
			isa = XCConfigurationList;
			buildConfigurations = (
				189DDAB62102136A00823EC3 /* Debug */,
				189DDAB72102136A00823EC3 /* Release */,
			);
			defaultConfigurationIsVisible = 0;
			defaultConfigurationName = Release;
		};
		189DDAB82102136A00823EC3 /* Build configuration list for PBXNativeTarget "Boot" */ = {
			isa = XCConfigurationList;
			buildConfigurations = (
				189DDAB92102136A00823EC3 /* Debug */,
				189DDABA2102136A00823EC3 /* Release */,
			);
			defaultConfigurationIsVisible = 0;
			defaultConfigurationName = Release;
		};
		189DDABB2102136A00823EC3 /* Build configuration list for PBXNativeTarget "BootTests" */ = {
			isa = XCConfigurationList;
			buildConfigurations = (
				189DDABC2102136A00823EC3 /* Debug */,
				189DDABD2102136A00823EC3 /* Release */,
			);
			defaultConfigurationIsVisible = 0;
			defaultConfigurationName = Release;
		};
		189DDABE2102136A00823EC3 /* Build configuration list for PBXNativeTarget "BootUITests" */ = {
			isa = XCConfigurationList;
			buildConfigurations = (
				189DDABF2102136A00823EC3 /* Debug */,
				189DDAC02102136A00823EC3 /* Release */,
			);
			defaultConfigurationIsVisible = 0;
			defaultConfigurationName = Release;
		};
/* End XCConfigurationList section */

/* Begin XCVersionGroup section */
		189DDB2D21023D7500823EC3 /* Boot.xcdatamodeld */ = {
			isa = XCVersionGroup;
			children = (
				189DDB2E21023D7500823EC3 /* BOOT.xcdatamodel */,
			);
			currentVersion = 189DDB2E21023D7500823EC3 /* BOOT.xcdatamodel */;
			path = Boot.xcdatamodeld;
			sourceTree = "<group>";
			versionGroupType = wrapper.xcdatamodel;
		};
/* End XCVersionGroup section */
	};
	rootObject = 189DDA852102136900823EC3 /* Project object */;
}
